
Microsoft Visual Studio Solution File, Format Version 12.00
# Visual Studio 15
VisualStudioVersion = 15.0.28010.2003
MinimumVisualStudioVersion = 10.0.40219.1
Project("{FAE04EC0-301F-11D3-BF4B-00C04F79EFBC}") = "WeiXin", "WeiXin\WeiXin.csproj", "{C326F130-0F47-4F39-9ECA-26A6A5D029BD}"
EndProject
Global
	GlobalSection(SolutionConfigurationPlatforms) = preSolution
		Debug|Any CPU = Debug|Any CPU
		Release|Any CPU = Release|Any CPU
	EndGlobalSection
	GlobalSection(ProjectConfigurationPlatforms) = postSolution
		{C326F130-0F47-4F39-9ECA-26A6A5D029BD}.Debug|Any CPU.ActiveCfg = Debug|Any CPU
		{C326F130-0F47-4F39-9ECA-26A6A5D029BD}.Debug|Any CPU.Build.0 = Debug|Any CPU
		{C326F130-0F47-4F39-9ECA-26A6A5D029BD}.Release|Any CPU.ActiveCfg = Release|Any CPU
		{C326F130-0F47-4F39-9ECA-26A6A5D029BD}.Release|Any CPU.Build.0 = Release|Any CPU
	EndGlobalSection
	GlobalSection(SolutionProperties) = preSolution
		HideSolutionNode = FALSE
	EndGlobalSection
	GlobalSection(ExtensibilityGlobals) = postSolution
		SolutionGuid = {06EA7A95-1C73-4648-B3CA-F53D013FF96F}
	EndGlobalSection
EndGlobal
